
Microsoft Visual Studio Solution File, Format Version 12.00
# Visual Studio Version 16
VisualStudioVersion = 16.0.30413.136
MinimumVisualStudioVersion = 10.0.40219.1
Project("{FAE04EC0-301F-11D3-BF4B-00C04F79EFBC}") = "Highscores", "Highscores\Highscores.csproj", "{860DA5AF-0C39-48BB-A02D-C37C9D064B59}"
EndProject
Global
	GlobalSection(SolutionConfigurationPlatforms) = preSolution
		Debug|Any CPU = Debug|Any CPU
		Release|Any CPU = Release|Any CPU
	EndGlobalSection
	GlobalSection(ProjectConfigurationPlatforms) = postSolution
		{860DA5AF-0C39-48BB-A02D-C37C9D064B59}.Debug|Any CPU.ActiveCfg = Debug|Any CPU
		{860DA5AF-0C39-48BB-A02D-C37C9D064B59}.Debug|Any CPU.Build.0 = Debug|Any CPU
		{860DA5AF-0C39-48BB-A02D-C37C9D064B59}.Release|Any CPU.ActiveCfg = Release|Any CPU
		{860DA5AF-0C39-48BB-A02D-C37C9D064B59}.Release|Any CPU.Build.0 = Release|Any CPU
	EndGlobalSection
	GlobalSection(SolutionProperties) = preSolution
		HideSolutionNode = FALSE
	EndGlobalSection
	GlobalSection(ExtensibilityGlobals) = postSolution
		SolutionGuid = {756C858E-B1D0-4DAF-ACF4-67D5DC6D1C1A}
	EndGlobalSection
EndGlobal
